
Microsoft Visual Studio Solution File, Format Version 12.00
# Visual Studio 15
VisualStudioVersion = 15.0.28307.1401
MinimumVisualStudioVersion = 10.0.40219.1
Project("{FAE04EC0-301F-11D3-BF4B-00C04F79EFBC}") = "FinalProjectSecond", "FinalProjectSecond\FinalProjectSecond.csproj", "{704C61C8-EEEC-45D0-9BA4-CBAD9807C1CE}"
EndProject
Global
	GlobalSection(SolutionConfigurationPlatforms) = preSolution
		Debug|Any CPU = Debug|Any CPU
		Release|Any CPU = Release|Any CPU
	EndGlobalSection
	GlobalSection(ProjectConfigurationPlatforms) = postSolution
		{704C61C8-EEEC-45D0-9BA4-CBAD9807C1CE}.Debug|Any CPU.ActiveCfg = Debug|Any CPU
		{704C61C8-EEEC-45D0-9BA4-CBAD9807C1CE}.Debug|Any CPU.Build.0 = Debug|Any CPU
		{704C61C8-EEEC-45D0-9BA4-CBAD9807C1CE}.Release|Any CPU.ActiveCfg = Release|Any CPU
		{704C61C8-EEEC-45D0-9BA4-CBAD9807C1CE}.Release|Any CPU.Build.0 = Release|Any CPU
	EndGlobalSection
	GlobalSection(SolutionProperties) = preSolution
		HideSolutionNode = FALSE
	EndGlobalSection
	GlobalSection(ExtensibilityGlobals) = postSolution
		SolutionGuid = {90B60E08-5E64-49C7-9627-CCF143844A0D}
	EndGlobalSection
EndGlobal
